
Microsoft Visual Studio Solution File, Format Version 12.00
# Visual Studio Version 16
VisualStudioVersion = 16.0.31613.86
MinimumVisualStudioVersion = 10.0.40219.1
Project("{9A19103F-16F7-4668-BE54-9A1E7A4F7556}") = "MyRestaurant", "MyRestaurant\MyRestaurant.csproj", "{61556C37-FFC7-4DE5-8F43-6A4738CB7A83}"
EndProject
Global
	GlobalSection(SolutionConfigurationPlatforms) = preSolution
		Debug|Any CPU = Debug|Any CPU
		Release|Any CPU = Release|Any CPU
	EndGlobalSection
	GlobalSection(ProjectConfigurationPlatforms) = postSolution
		{61556C37-FFC7-4DE5-8F43-6A4738CB7A83}.Debug|Any CPU.ActiveCfg = Debug|Any CPU
		{61556C37-FFC7-4DE5-8F43-6A4738CB7A83}.Debug|Any CPU.Build.0 = Debug|Any CPU
		{61556C37-FFC7-4DE5-8F43-6A4738CB7A83}.Release|Any CPU.ActiveCfg = Release|Any CPU
		{61556C37-FFC7-4DE5-8F43-6A4738CB7A83}.Release|Any CPU.Build.0 = Release|Any CPU
	EndGlobalSection
	GlobalSection(SolutionProperties) = preSolution
		HideSolutionNode = FALSE
	EndGlobalSection
	GlobalSection(ExtensibilityGlobals) = postSolution
		SolutionGuid = {439C81B2-718A-402C-B976-5A35C6ACC27F}
	EndGlobalSection
EndGlobal
